
Microsoft Visual Studio Solution File, Format Version 12.00
# Visual Studio 14
VisualStudioVersion = 14.0.25420.1
MinimumVisualStudioVersion = 10.0.40219.1
Project("{FAE04EC0-301F-11D3-BF4B-00C04F79EFBC}") = "MegaChallengeCasino", "MegaChallengeCasino\MegaChallengeCasino.csproj", "{6BB7DF84-78B2-4883-88E9-0E375068DEFE}"
EndProject
Global
	GlobalSection(SolutionConfigurationPlatforms) = preSolution
		Debug|Any CPU = Debug|Any CPU
		Release|Any CPU = Release|Any CPU
	EndGlobalSection
	GlobalSection(ProjectConfigurationPlatforms) = postSolution
		{6BB7DF84-78B2-4883-88E9-0E375068DEFE}.Debug|Any CPU.ActiveCfg = Debug|Any CPU
		{6BB7DF84-78B2-4883-88E9-0E375068DEFE}.Debug|Any CPU.Build.0 = Debug|Any CPU
		{6BB7DF84-78B2-4883-88E9-0E375068DEFE}.Release|Any CPU.ActiveCfg = Release|Any CPU
		{6BB7DF84-78B2-4883-88E9-0E375068DEFE}.Release|Any CPU.Build.0 = Release|Any CPU
	EndGlobalSection
	GlobalSection(SolutionProperties) = preSolution
		HideSolutionNode = FALSE
	EndGlobalSection
EndGlobal
